
Microsoft Visual Studio Solution File, Format Version 12.00
# Visual Studio 15
VisualStudioVersion = 15.0.27428.2037
MinimumVisualStudioVersion = 10.0.40219.1
Project("{9A19103F-16F7-4668-BE54-9A1E7A4F7556}") = "core", "core\core.csproj", "{46D8CBD9-DABA-4485-98D3-688B1B2DC5E4}"
EndProject
Project("{9A19103F-16F7-4668-BE54-9A1E7A4F7556}") = "tests", "tests\tests.csproj", "{14BC9C16-1905-490E-A5EC-600586222EBA}"
EndProject
Global
	GlobalSection(SolutionConfigurationPlatforms) = preSolution
		Debug|Any CPU = Debug|Any CPU
		Release|Any CPU = Release|Any CPU
	EndGlobalSection
	GlobalSection(ProjectConfigurationPlatforms) = postSolution
		{46D8CBD9-DABA-4485-98D3-688B1B2DC5E4}.Debug|Any CPU.ActiveCfg = Debug|Any CPU
		{46D8CBD9-DABA-4485-98D3-688B1B2DC5E4}.Debug|Any CPU.Build.0 = Debug|Any CPU
		{46D8CBD9-DABA-4485-98D3-688B1B2DC5E4}.Release|Any CPU.ActiveCfg = Release|Any CPU
		{46D8CBD9-DABA-4485-98D3-688B1B2DC5E4}.Release|Any CPU.Build.0 = Release|Any CPU
		{14BC9C16-1905-490E-A5EC-600586222EBA}.Debug|Any CPU.ActiveCfg = Debug|Any CPU
		{14BC9C16-1905-490E-A5EC-600586222EBA}.Debug|Any CPU.Build.0 = Debug|Any CPU
		{14BC9C16-1905-490E-A5EC-600586222EBA}.Release|Any CPU.ActiveCfg = Release|Any CPU
		{14BC9C16-1905-490E-A5EC-600586222EBA}.Release|Any CPU.Build.0 = Release|Any CPU
	EndGlobalSection
	GlobalSection(SolutionProperties) = preSolution
		HideSolutionNode = FALSE
	EndGlobalSection
	GlobalSection(ExtensibilityGlobals) = postSolution
		SolutionGuid = {5C70285E-F5DC-4E85-9B84-9A255EF40D86}
	EndGlobalSection
EndGlobal
